// !$*UTF8*$!
{
	archiveVersion = 1;
	classes = {
	};
	objectVersion = 55;
	objects = {

/* Begin PBXBuildFile section */
		7F145FAF2940528000418C50 /* Constants.swift in Sources */ = {isa = PBXBuildFile; fileRef = 7F145FAE2940528000418C50 /* Constants.swift */; };
		7F145FB1294054C500418C50 /* ButtonStyleView.swift in Sources */ = {isa = PBXBuildFile; fileRef = 7F145FB0294054C500418C50 /* ButtonStyleView.swift */; };
		7F145FB42940578C00418C50 /* Color.swift in Sources */ = {isa = PBXBuildFile; fileRef = 7F145FB32940578C00418C50 /* Color.swift */; };
		7F145FB62940579600418C50 /* ColorCustomerView.swift in Sources */ = {isa = PBXBuildFile; fileRef = 7F145FB52940579600418C50 /* ColorCustomerView.swift */; };
		7F145FBA2940589500418C50 /* ChangeColorsView.swift in Sources */ = {isa = PBXBuildFile; fileRef = 7F145FB92940589500418C50 /* ChangeColorsView.swift */; };
		7F5E66D529418539002B3AB2 /* AlertView.swift in Sources */ = {isa = PBXBuildFile; fileRef = 7F5E66D429418539002B3AB2 /* AlertView.swift */; };
		7F837A2229496C4800C84BF3 /* TransactionsPostView.swift in Sources */ = {isa = PBXBuildFile; fileRef = 7F837A2129496C4800C84BF3 /* TransactionsPostView.swift */; };
		7F837A2429496CBA00C84BF3 /* TransactionsList.swift in Sources */ = {isa = PBXBuildFile; fileRef = 7F837A2329496CBA00C84BF3 /* TransactionsList.swift */; };
		7F837A2629496CE100C84BF3 /* TransactionsCell.swift in Sources */ = {isa = PBXBuildFile; fileRef = 7F837A2529496CE100C84BF3 /* TransactionsCell.swift */; };
		7F837A2929496D2C00C84BF3 /* GoodsList.swift in Sources */ = {isa = PBXBuildFile; fileRef = 7F837A2829496D2C00C84BF3 /* GoodsList.swift */; };
		7F837A2B29496D3F00C84BF3 /* GoodsCell.swift in Sources */ = {isa = PBXBuildFile; fileRef = 7F837A2A29496D3E00C84BF3 /* GoodsCell.swift */; };
		7F837A2E29496F4500C84BF3 /* TagCell.swift in Sources */ = {isa = PBXBuildFile; fileRef = 7F837A2D29496F4500C84BF3 /* TagCell.swift */; };
		7F837A332949707500C84BF3 /* PostFieldView.swift in Sources */ = {isa = PBXBuildFile; fileRef = 7F837A322949707500C84BF3 /* PostFieldView.swift */; };
		7F837A352949709300C84BF3 /* PlusButtonView.swift in Sources */ = {isa = PBXBuildFile; fileRef = 7F837A342949709300C84BF3 /* PlusButtonView.swift */; };
		7F837A382949719000C84BF3 /* PostFieldList.swift in Sources */ = {isa = PBXBuildFile; fileRef = 7F837A372949719000C84BF3 /* PostFieldList.swift */; };
		7F837A3A2949719F00C84BF3 /* PostFieldCell.swift in Sources */ = {isa = PBXBuildFile; fileRef = 7F837A392949719F00C84BF3 /* PostFieldCell.swift */; };
		7FC2B05B29403D64001A081F /* LayoutSampleApp.swift in Sources */ = {isa = PBXBuildFile; fileRef = 7FC2B05A29403D64001A081F /* LayoutSampleApp.swift */; };
		7FC2B05D29403D64001A081F /* ContentView.swift in Sources */ = {isa = PBXBuildFile; fileRef = 7FC2B05C29403D64001A081F /* ContentView.swift */; };
		7FC2B05F29403D6B001A081F /* Assets.xcassets in Resources */ = {isa = PBXBuildFile; fileRef = 7FC2B05E29403D6B001A081F /* Assets.xcassets */; };
		7FC2B06229403D6B001A081F /* Preview Assets.xcassets in Resources */ = {isa = PBXBuildFile; fileRef = 7FC2B06129403D6B001A081F /* Preview Assets.xcassets */; };
		7FC2B06A29403D87001A081F /* PickerView.swift in Sources */ = {isa = PBXBuildFile; fileRef = 7FC2B06929403D87001A081F /* PickerView.swift */; };
		7FE720C7294AC0EA001C5AC6 /* MainTabView.swift in Sources */ = {isa = PBXBuildFile; fileRef = 7FE720C6294AC0EA001C5AC6 /* MainTabView.swift */; };
		7FE720C9294AC69C001C5AC6 /* AppColors.swift in Sources */ = {isa = PBXBuildFile; fileRef = 7FE720C8294AC69C001C5AC6 /* AppColors.swift */; };
/* End PBXBuildFile section */

/* Begin PBXFileReference section */
		7F145FAE2940528000418C50 /* Constants.swift */ = {isa = PBXFileReference; lastKnownFileType = sourcecode.swift; path = Constants.swift; sourceTree = "<group>"; };
		7F145FB0294054C500418C50 /* ButtonStyleView.swift */ = {isa = PBXFileReference; lastKnownFileType = sourcecode.swift; path = ButtonStyleView.swift; sourceTree = "<group>"; };
		7F145FB32940578C00418C50 /* Color.swift */ = {isa = PBXFileReference; lastKnownFileType = sourcecode.swift; path = Color.swift; sourceTree = "<group>"; };
		7F145FB52940579600418C50 /* ColorCustomerView.swift */ = {isa = PBXFileReference; lastKnownFileType = sourcecode.swift; path = ColorCustomerView.swift; sourceTree = "<group>"; };
		7F145FB92940589500418C50 /* ChangeColorsView.swift */ = {isa = PBXFileReference; lastKnownFileType = sourcecode.swift; path = ChangeColorsView.swift; sourceTree = "<group>"; };
		7F5E66D429418539002B3AB2 /* AlertView.swift */ = {isa = PBXFileReference; lastKnownFileType = sourcecode.swift; path = AlertView.swift; sourceTree = "<group>"; };
		7F837A2129496C4800C84BF3 /* TransactionsPostView.swift */ = {isa = PBXFileReference; lastKnownFileType = sourcecode.swift; path = TransactionsPostView.swift; sourceTree = "<group>"; };
		7F837A2329496CBA00C84BF3 /* TransactionsList.swift */ = {isa = PBXFileReference; lastKnownFileType = sourcecode.swift; path = TransactionsList.swift; sourceTree = "<group>"; };
		7F837A2529496CE100C84BF3 /* TransactionsCell.swift */ = {isa = PBXFileReference; lastKnownFileType = sourcecode.swift; path = TransactionsCell.swift; sourceTree = "<group>"; };
		7F837A2829496D2C00C84BF3 /* GoodsList.swift */ = {isa = PBXFileReference; lastKnownFileType = sourcecode.swift; path = GoodsList.swift; sourceTree = "<group>"; };
		7F837A2A29496D3E00C84BF3 /* GoodsCell.swift */ = {isa = PBXFileReference; lastKnownFileType = sourcecode.swift; path = GoodsCell.swift; sourceTree = "<group>"; };
		7F837A2D29496F4500C84BF3 /* TagCell.swift */ = {isa = PBXFileReference; lastKnownFileType = sourcecode.swift; path = TagCell.swift; sourceTree = "<group>"; };
		7F837A322949707500C84BF3 /* PostFieldView.swift */ = {isa = PBXFileReference; lastKnownFileType = sourcecode.swift; path = PostFieldView.swift; sourceTree = "<group>"; };
		7F837A342949709300C84BF3 /* PlusButtonView.swift */ = {isa = PBXFileReference; lastKnownFileType = sourcecode.swift; path = PlusButtonView.swift; sourceTree = "<group>"; };
		7F837A372949719000C84BF3 /* PostFieldList.swift */ = {isa = PBXFileReference; lastKnownFileType = sourcecode.swift; path = PostFieldList.swift; sourceTree = "<group>"; };
		7F837A392949719F00C84BF3 /* PostFieldCell.swift */ = {isa = PBXFileReference; lastKnownFileType = sourcecode.swift; path = PostFieldCell.swift; sourceTree = "<group>"; };
		7FC2B05729403D64001A081F /* LayoutSample.app */ = {isa = PBXFileReference; explicitFileType = wrapper.application; includeInIndex = 0; path = LayoutSample.app; sourceTree = BUILT_PRODUCTS_DIR; };
		7FC2B05A29403D64001A081F /* LayoutSampleApp.swift */ = {isa = PBXFileReference; lastKnownFileType = sourcecode.swift; path = LayoutSampleApp.swift; sourceTree = "<group>"; };
		7FC2B05C29403D64001A081F /* ContentView.swift */ = {isa = PBXFileReference; lastKnownFileType = sourcecode.swift; path = ContentView.swift; sourceTree = "<group>"; };
		7FC2B05E29403D6B001A081F /* Assets.xcassets */ = {isa = PBXFileReference; lastKnownFileType = folder.assetcatalog; path = Assets.xcassets; sourceTree = "<group>"; };
		7FC2B06129403D6B001A081F /* Preview Assets.xcassets */ = {isa = PBXFileReference; lastKnownFileType = folder.assetcatalog; path = "Preview Assets.xcassets"; sourceTree = "<group>"; };
		7FC2B06929403D87001A081F /* PickerView.swift */ = {isa = PBXFileReference; lastKnownFileType = sourcecode.swift; path = PickerView.swift; sourceTree = "<group>"; };
		7FE720C6294AC0EA001C5AC6 /* MainTabView.swift */ = {isa = PBXFileReference; lastKnownFileType = sourcecode.swift; path = MainTabView.swift; sourceTree = "<group>"; };
		7FE720C8294AC69C001C5AC6 /* AppColors.swift */ = {isa = PBXFileReference; lastKnownFileType = sourcecode.swift; path = AppColors.swift; sourceTree = "<group>"; };
/* End PBXFileReference section */

/* Begin PBXFrameworksBuildPhase section */
		7FC2B05429403D64001A081F /* Frameworks */ = {
			isa = PBXFrameworksBuildPhase;
			buildActionMask = 2147483647;
			files = (
			);
			runOnlyForDeploymentPostprocessing = 0;
		};
/* End PBXFrameworksBuildPhase section */

/* Begin PBXGroup section */
		7F145FAD2940521300418C50 /* Utils */ = {
			isa = PBXGroup;
			children = (
				7FE720CB294C0530001C5AC6 /* Button */,
				7F145FAE2940528000418C50 /* Constants.swift */,
				7FC2B06929403D87001A081F /* PickerView.swift */,
			);
			path = Utils;
			sourceTree = "<group>";
		};
		7F145FB22940578100418C50 /* ColorCustomer */ = {
			isa = PBXGroup;
			children = (
				7F145FB52940579600418C50 /* ColorCustomerView.swift */,
				7F145FB92940589500418C50 /* ChangeColorsView.swift */,
				7FE720C8294AC69C001C5AC6 /* AppColors.swift */,
			);
			path = ColorCustomer;
			sourceTree = "<group>";
		};
		7F5E66D329418525002B3AB2 /* Alert */ = {
			isa = PBXGroup;
			children = (
				7F5E66D429418539002B3AB2 /* AlertView.swift */,
			);
			path = Alert;
			sourceTree = "<group>";
		};
		7F837A2029496BF300C84BF3 /* Transactions */ = {
			isa = PBXGroup;
			children = (
				7F837A312949704700C84BF3 /* post */,
				7F837A302949703D00C84BF3 /* display */,
			);
			path = Transactions;
			sourceTree = "<group>";
		};
		7F837A2729496D1E00C84BF3 /* Goods */ = {
			isa = PBXGroup;
			children = (
				7F837A2829496D2C00C84BF3 /* GoodsList.swift */,
				7F837A2A29496D3E00C84BF3 /* GoodsCell.swift */,
			);
			path = Goods;
			sourceTree = "<group>";
		};
		7F837A2C29496E0C00C84BF3 /* Tag */ = {
			isa = PBXGroup;
			children = (
				7F837A2D29496F4500C84BF3 /* TagCell.swift */,
			);
			path = Tag;
			sourceTree = "<group>";
		};
		7F837A302949703D00C84BF3 /* display */ = {
			isa = PBXGroup;
			children = (
				7F837A2529496CE100C84BF3 /* TransactionsCell.swift */,
				7F837A2329496CBA00C84BF3 /* TransactionsList.swift */,
			);
			path = display;
			sourceTree = "<group>";
		};
		7F837A312949704700C84BF3 /* post */ = {
			isa = PBXGroup;
			children = (
				7F837A362949717700C84BF3 /* PostField */,
				7F837A2129496C4800C84BF3 /* TransactionsPostView.swift */,
			);
			path = post;
			sourceTree = "<group>";
		};
		7F837A362949717700C84BF3 /* PostField */ = {
			isa = PBXGroup;
			children = (
				7F837A372949719000C84BF3 /* PostFieldList.swift */,
				7F837A392949719F00C84BF3 /* PostFieldCell.swift */,
				7F837A322949707500C84BF3 /* PostFieldView.swift */,
			);
			path = PostField;
			sourceTree = "<group>";
		};
		7FC2B04E29403D63001A081F = {
			isa = PBXGroup;
			children = (
				7FC2B05929403D64001A081F /* LayoutSample */,
				7FC2B05829403D64001A081F /* Products */,
			);
			sourceTree = "<group>";
		};
		7FC2B05829403D64001A081F /* Products */ = {
			isa = PBXGroup;
			children = (
				7FC2B05729403D64001A081F /* LayoutSample.app */,
			);
			name = Products;
			sourceTree = "<group>";
		};
		7FC2B05929403D64001A081F /* LayoutSample */ = {
			isa = PBXGroup;
			children = (
				7FE720CA294AFE5F001C5AC6 /* Model */,
				7FE720C5294AC0DB001C5AC6 /* Tab */,
				7F145FB22940578100418C50 /* ColorCustomer */,
				7F837A2029496BF300C84BF3 /* Transactions */,
				7F837A2C29496E0C00C84BF3 /* Tag */,
				7F837A2729496D1E00C84BF3 /* Goods */,
				7F5E66D329418525002B3AB2 /* Alert */,
				7F145FAD2940521300418C50 /* Utils */,
				7FC2B05A29403D64001A081F /* LayoutSampleApp.swift */,
				7FC2B05C29403D64001A081F /* ContentView.swift */,
				7FC2B05E29403D6B001A081F /* Assets.xcassets */,
				7FC2B06029403D6B001A081F /* Preview Content */,
			);
			path = LayoutSample;
			sourceTree = "<group>";
		};
		7FC2B06029403D6B001A081F /* Preview Content */ = {
			isa = PBXGroup;
			children = (
				7FC2B06129403D6B001A081F /* Preview Assets.xcassets */,
			);
			path = "Preview Content";
			sourceTree = "<group>";
		};
		7FE720C5294AC0DB001C5AC6 /* Tab */ = {
			isa = PBXGroup;
			children = (
				7FE720C6294AC0EA001C5AC6 /* MainTabView.swift */,
			);
			path = Tab;
			sourceTree = "<group>";
		};
		7FE720CA294AFE5F001C5AC6 /* Model */ = {
			isa = PBXGroup;
			children = (
				7F145FB32940578C00418C50 /* Color.swift */,
			);
			path = Model;
			sourceTree = "<group>";
		};
		7FE720CB294C0530001C5AC6 /* Button */ = {
			isa = PBXGroup;
			children = (
				7F145FB0294054C500418C50 /* ButtonStyleView.swift */,
				7F837A342949709300C84BF3 /* PlusButtonView.swift */,
			);
			path = Button;
			sourceTree = "<group>";
		};
/* End PBXGroup section */

/* Begin PBXNativeTarget section */
		7FC2B05629403D64001A081F /* LayoutSample */ = {
			isa = PBXNativeTarget;
			buildConfigurationList = 7FC2B06529403D6C001A081F /* Build configuration list for PBXNativeTarget "LayoutSample" */;
			buildPhases = (
				7FC2B05329403D64001A081F /* Sources */,
				7FC2B05429403D64001A081F /* Frameworks */,
				7FC2B05529403D64001A081F /* Resources */,
			);
			buildRules = (
			);
			dependencies = (
			);
			name = LayoutSample;
			productName = LayoutSample;
			productReference = 7FC2B05729403D64001A081F /* LayoutSample.app */;
			productType = "com.apple.product-type.application";
		};
/* End PBXNativeTarget section */

/* Begin PBXProject section */
		7FC2B04F29403D63001A081F /* Project object */ = {
			isa = PBXProject;
			attributes = {
				BuildIndependentTargetsInParallel = 1;
				LastSwiftUpdateCheck = 1340;
				LastUpgradeCheck = 1340;
				TargetAttributes = {
					7FC2B05629403D64001A081F = {
						CreatedOnToolsVersion = 13.4.1;
					};
				};
			};
			buildConfigurationList = 7FC2B05229403D64001A081F /* Build configuration list for PBXProject "LayoutSample" */;
			compatibilityVersion = "Xcode 13.0";
			developmentRegion = en;
			hasScannedForEncodings = 0;
			knownRegions = (
				en,
				Base,
			);
			mainGroup = 7FC2B04E29403D63001A081F;
			productRefGroup = 7FC2B05829403D64001A081F /* Products */;
			projectDirPath = "";
			projectRoot = "";
			targets = (
				7FC2B05629403D64001A081F /* LayoutSample */,
			);
		};
/* End PBXProject section */

/* Begin PBXResourcesBuildPhase section */
		7FC2B05529403D64001A081F /* Resources */ = {
			isa = PBXResourcesBuildPhase;
			buildActionMask = 2147483647;
			files = (
				7FC2B06229403D6B001A081F /* Preview Assets.xcassets in Resources */,
				7FC2B05F29403D6B001A081F /* Assets.xcassets in Resources */,
			);
			runOnlyForDeploymentPostprocessing = 0;
		};
/* End PBXResourcesBuildPhase section */

/* Begin PBXSourcesBuildPhase section */
		7FC2B05329403D64001A081F /* Sources */ = {
			isa = PBXSourcesBuildPhase;
			buildActionMask = 2147483647;
			files = (
				7F837A332949707500C84BF3 /* PostFieldView.swift in Sources */,
				7F837A2929496D2C00C84BF3 /* GoodsList.swift in Sources */,
				7F837A2229496C4800C84BF3 /* TransactionsPostView.swift in Sources */,
				7F837A2429496CBA00C84BF3 /* TransactionsList.swift in Sources */,
				7FC2B05D29403D64001A081F /* ContentView.swift in Sources */,
				7F837A2E29496F4500C84BF3 /* TagCell.swift in Sources */,
				7F837A352949709300C84BF3 /* PlusButtonView.swift in Sources */,
				7FC2B05B29403D64001A081F /* LayoutSampleApp.swift in Sources */,
				7F837A2B29496D3F00C84BF3 /* GoodsCell.swift in Sources */,
				7FC2B06A29403D87001A081F /* PickerView.swift in Sources */,
				7F837A382949719000C84BF3 /* PostFieldList.swift in Sources */,
				7FE720C7294AC0EA001C5AC6 /* MainTabView.swift in Sources */,
				7F145FB1294054C500418C50 /* ButtonStyleView.swift in Sources */,
				7F5E66D529418539002B3AB2 /* AlertView.swift in Sources */,
				7FE720C9294AC69C001C5AC6 /* AppColors.swift in Sources */,
				7F145FAF2940528000418C50 /* Constants.swift in Sources */,
				7F145FB42940578C00418C50 /* Color.swift in Sources */,
				7F837A3A2949719F00C84BF3 /* PostFieldCell.swift in Sources */,
				7F837A2629496CE100C84BF3 /* TransactionsCell.swift in Sources */,
				7F145FBA2940589500418C50 /* ChangeColorsView.swift in Sources */,
				7F145FB62940579600418C50 /* ColorCustomerView.swift in Sources */,
			);
			runOnlyForDeploymentPostprocessing = 0;
		};
/* End PBXSourcesBuildPhase section */

/* Begin XCBuildConfiguration section */
		7FC2B06329403D6B001A081F /* Debug */ = {
			isa = XCBuildConfiguration;
			buildSettings = {
				ALWAYS_SEARCH_USER_PATHS = NO;
				CLANG_ANALYZER_NONNULL = YES;
				CLANG_ANALYZER_NUMBER_OBJECT_CONVERSION = YES_AGGRESSIVE;
				CLANG_CXX_LANGUAGE_STANDARD = "gnu++17";
				CLANG_ENABLE_MODULES = YES;
				CLANG_ENABLE_OBJC_ARC = YES;
				CLANG_ENABLE_OBJC_WEAK = YES;
				CLANG_WARN_BLOCK_CAPTURE_AUTORELEASING = YES;
				CLANG_WARN_BOOL_CONVERSION = YES;
				CLANG_WARN_COMMA = YES;
				CLANG_WARN_CONSTANT_CONVERSION = YES;
				CLANG_WARN_DEPRECATED_OBJC_IMPLEMENTATIONS = YES;
				CLANG_WARN_DIRECT_OBJC_ISA_USAGE = YES_ERROR;
				CLANG_WARN_DOCUMENTATION_COMMENTS = YES;
				CLANG_WARN_EMPTY_BODY = YES;
				CLANG_WARN_ENUM_CONVERSION = YES;
				CLANG_WARN_INFINITE_RECURSION = YES;
				CLANG_WARN_INT_CONVERSION = YES;
				CLANG_WARN_NON_LITERAL_NULL_CONVERSION = YES;
				CLANG_WARN_OBJC_IMPLICIT_RETAIN_SELF = YES;
				CLANG_WARN_OBJC_LITERAL_CONVERSION = YES;
				CLANG_WARN_OBJC_ROOT_CLASS = YES_ERROR;
				CLANG_WARN_QUOTED_INCLUDE_IN_FRAMEWORK_HEADER = YES;
				CLANG_WARN_RANGE_LOOP_ANALYSIS = YES;
				CLANG_WARN_STRICT_PROTOTYPES = YES;
				CLANG_WARN_SUSPICIOUS_MOVE = YES;
				CLANG_WARN_UNGUARDED_AVAILABILITY = YES_AGGRESSIVE;
				CLANG_WARN_UNREACHABLE_CODE = YES;
				CLANG_WARN__DUPLICATE_METHOD_MATCH = YES;
				COPY_PHASE_STRIP = NO;
				DEBUG_INFORMATION_FORMAT = dwarf;
				ENABLE_STRICT_OBJC_MSGSEND = YES;
				ENABLE_TESTABILITY = YES;
				GCC_C_LANGUAGE_STANDARD = gnu11;
				GCC_DYNAMIC_NO_PIC = NO;
				GCC_NO_COMMON_BLOCKS = YES;
				GCC_OPTIMIZATION_LEVEL = 0;
				GCC_PREPROCESSOR_DEFINITIONS = (
					"DEBUG=1",
					"$(inherited)",
				);
				GCC_WARN_64_TO_32_BIT_CONVERSION = YES;
				GCC_WARN_ABOUT_RETURN_TYPE = YES_ERROR;
				GCC_WARN_UNDECLARED_SELECTOR = YES;
				GCC_WARN_UNINITIALIZED_AUTOS = YES_AGGRESSIVE;
				GCC_WARN_UNUSED_FUNCTION = YES;
				GCC_WARN_UNUSED_VARIABLE = YES;
				IPHONEOS_DEPLOYMENT_TARGET = 15.5;
				MTL_ENABLE_DEBUG_INFO = INCLUDE_SOURCE;
				MTL_FAST_MATH = YES;
				ONLY_ACTIVE_ARCH = YES;
				SDKROOT = iphoneos;
				SWIFT_ACTIVE_COMPILATION_CONDITIONS = DEBUG;
				SWIFT_OPTIMIZATION_LEVEL = "-Onone";
			};
			name = Debug;
		};
		7FC2B06429403D6B001A081F /* Release */ = {
			isa = XCBuildConfiguration;
			buildSettings = {
				ALWAYS_SEARCH_USER_PATHS = NO;
				CLANG_ANALYZER_NONNULL = YES;
				CLANG_ANALYZER_NUMBER_OBJECT_CONVERSION = YES_AGGRESSIVE;
				CLANG_CXX_LANGUAGE_STANDARD = "gnu++17";
				CLANG_ENABLE_MODULES = YES;
				CLANG_ENABLE_OBJC_ARC = YES;
				CLANG_ENABLE_OBJC_WEAK = YES;
				CLANG_WARN_BLOCK_CAPTURE_AUTORELEASING = YES;
				CLANG_WARN_BOOL_CONVERSION = YES;
				CLANG_WARN_COMMA = YES;
				CLANG_WARN_CONSTANT_CONVERSION = YES;
				CLANG_WARN_DEPRECATED_OBJC_IMPLEMENTATIONS = YES;
				CLANG_WARN_DIRECT_OBJC_ISA_USAGE = YES_ERROR;
				CLANG_WARN_DOCUMENTATION_COMMENTS = YES;
				CLANG_WARN_EMPTY_BODY = YES;
				CLANG_WARN_ENUM_CONVERSION = YES;
				CLANG_WARN_INFINITE_RECURSION = YES;
				CLANG_WARN_INT_CONVERSION = YES;
				CLANG_WARN_NON_LITERAL_NULL_CONVERSION = YES;
				CLANG_WARN_OBJC_IMPLICIT_RETAIN_SELF = YES;
				CLANG_WARN_OBJC_LITERAL_CONVERSION = YES;
				CLANG_WARN_OBJC_ROOT_CLASS = YES_ERROR;
				CLANG_WARN_QUOTED_INCLUDE_IN_FRAMEWORK_HEADER = YES;
				CLANG_WARN_RANGE_LOOP_ANALYSIS = YES;
				CLANG_WARN_STRICT_PROTOTYPES = YES;
				CLANG_WARN_SUSPICIOUS_MOVE = YES;
				CLANG_WARN_UNGUARDED_AVAILABILITY = YES_AGGRESSIVE;
				CLANG_WARN_UNREACHABLE_CODE = YES;
				CLANG_WARN__DUPLICATE_METHOD_MATCH = YES;
				COPY_PHASE_STRIP = NO;
				DEBUG_INFORMATION_FORMAT = "dwarf-with-dsym";
				ENABLE_NS_ASSERTIONS = NO;
				ENABLE_STRICT_OBJC_MSGSEND = YES;
				GCC_C_LANGUAGE_STANDARD = gnu11;
				GCC_NO_COMMON_BLOCKS = YES;
				GCC_WARN_64_TO_32_BIT_CONVERSION = YES;
				GCC_WARN_ABOUT_RETURN_TYPE = YES_ERROR;
				GCC_WARN_UNDECLARED_SELECTOR = YES;
				GCC_WARN_UNINITIALIZED_AUTOS = YES_AGGRESSIVE;
				GCC_WARN_UNUSED_FUNCTION = YES;
				GCC_WARN_UNUSED_VARIABLE = YES;
				IPHONEOS_DEPLOYMENT_TARGET = 15.5;
				MTL_ENABLE_DEBUG_INFO = NO;
				MTL_FAST_MATH = YES;
				SDKROOT = iphoneos;
				SWIFT_COMPILATION_MODE = wholemodule;
				SWIFT_OPTIMIZATION_LEVEL = "-O";
				VALIDATE_PRODUCT = YES;
			};
			name = Release;
		};
		7FC2B06629403D6C001A081F /* Debug */ = {
			isa = XCBuildConfiguration;
			buildSettings = {
				ASSETCATALOG_COMPILER_APPICON_NAME = AppIcon;
				ASSETCATALOG_COMPILER_GLOBAL_ACCENT_COLOR_NAME = AccentColor;
				CODE_SIGN_STYLE = Automatic;
				CURRENT_PROJECT_VERSION = 1;
				DEVELOPMENT_ASSET_PATHS = "\"LayoutSample/Preview Content\"";
				DEVELOPMENT_TEAM = 8476SM59V8;
				ENABLE_PREVIEWS = YES;
				GENERATE_INFOPLIST_FILE = YES;
				INFOPLIST_KEY_UIApplicationSceneManifest_Generation = YES;
				INFOPLIST_KEY_UIApplicationSupportsIndirectInputEvents = YES;
				INFOPLIST_KEY_UILaunchScreen_Generation = YES;
				INFOPLIST_KEY_UISupportedInterfaceOrientations_iPad = "UIInterfaceOrientationPortrait UIInterfaceOrientationPortraitUpsideDown UIInterfaceOrientationLandscapeLeft UIInterfaceOrientationLandscapeRight";
				INFOPLIST_KEY_UISupportedInterfaceOrientations_iPhone = "UIInterfaceOrientationPortrait UIInterfaceOrientationLandscapeLeft UIInterfaceOrientationLandscapeRight";
				LD_RUNPATH_SEARCH_PATHS = (
					"$(inherited)",
					"@executable_path/Frameworks",
				);
				MARKETING_VERSION = 1.0;
				PRODUCT_BUNDLE_IDENTIFIER = jp.ac.jec.cm.LayoutSample;
				PRODUCT_NAME = "$(TARGET_NAME)";
				SWIFT_EMIT_LOC_STRINGS = YES;
				SWIFT_VERSION = 5.0;
				TARGETED_DEVICE_FAMILY = "1,2";
			};
			name = Debug;
		};
		7FC2B06729403D6C001A081F /* Release */ = {
			isa = XCBuildConfiguration;
			buildSettings = {
				ASSETCATALOG_COMPILER_APPICON_NAME = AppIcon;
				ASSETCATALOG_COMPILER_GLOBAL_ACCENT_COLOR_NAME = AccentColor;
				CODE_SIGN_STYLE = Automatic;
				CURRENT_PROJECT_VERSION = 1;
				DEVELOPMENT_ASSET_PATHS = "\"LayoutSample/Preview Content\"";
				DEVELOPMENT_TEAM = 8476SM59V8;
				ENABLE_PREVIEWS = YES;
				GENERATE_INFOPLIST_FILE = YES;
				INFOPLIST_KEY_UIApplicationSceneManifest_Generation = YES;
				INFOPLIST_KEY_UIApplicationSupportsIndirectInputEvents = YES;
				INFOPLIST_KEY_UILaunchScreen_Generation = YES;
				INFOPLIST_KEY_UISupportedInterfaceOrientations_iPad = "UIInterfaceOrientationPortrait UIInterfaceOrientationPortraitUpsideDown UIInterfaceOrientationLandscapeLeft UIInterfaceOrientationLandscapeRight";
				INFOPLIST_KEY_UISupportedInterfaceOrientations_iPhone = "UIInterfaceOrientationPortrait UIInterfaceOrientationLandscapeLeft UIInterfaceOrientationLandscapeRight";
				LD_RUNPATH_SEARCH_PATHS = (
					"$(inherited)",
					"@executable_path/Frameworks",
				);
				MARKETING_VERSION = 1.0;
				PRODUCT_BUNDLE_IDENTIFIER = jp.ac.jec.cm.LayoutSample;
				PRODUCT_NAME = "$(TARGET_NAME)";
				SWIFT_EMIT_LOC_STRINGS = YES;
				SWIFT_VERSION = 5.0;
				TARGETED_DEVICE_FAMILY = "1,2";
			};
			name = Release;
		};
/* End XCBuildConfiguration section */

/* Begin XCConfigurationList section */
		7FC2B05229403D64001A081F /* Build configuration list for PBXProject "LayoutSample" */ = {
			isa = XCConfigurationList;
			buildConfigurations = (
				7FC2B06329403D6B001A081F /* Debug */,
				7FC2B06429403D6B001A081F /* Release */,
			);
			defaultConfigurationIsVisible = 0;
			defaultConfigurationName = Release;
		};
		7FC2B06529403D6C001A081F /* Build configuration list for PBXNativeTarget "LayoutSample" */ = {
			isa = XCConfigurationList;
			buildConfigurations = (
				7FC2B06629403D6C001A081F /* Debug */,
				7FC2B06729403D6C001A081F /* Release */,
			);
			defaultConfigurationIsVisible = 0;
			defaultConfigurationName = Release;
		};
/* End XCConfigurationList section */
	};
	rootObject = 7FC2B04F29403D63001A081F /* Project object */;
}
